{
  "lockfile_version": "1",
  "packages": {
    "curl@8.14.1": {
      "last_modified": "2025-07-24T23:24:55Z",
      "resolved": "github:NixOS/nixpkgs/0d00f23f023b7215b3f1035adb5247c8ec180dbc#curl",
      "source": "devbox-search",
      "version": "8.14.1",
      "systems": {
        "aarch64-darwin": {
          "outputs": [
            {
              "name": "bin",
              "path": "/nix/store/5lm01wbwf0na3fkifq0bh3n8dqcshd5j-curl-8.14.1-bin",
              "default": true
            },
            {
              "name": "man",
              "path": "/nix/store/6ksf76rpsgkwn57jfy66xpbkrwdqkv7g-curl-8.14.1-man",
              "default": true
            },
            {
              "name": "dev",
              "path": "/nix/store/5dm0fwyhbwwqyn7y1l0cw7aq0fxh4pjb-curl-8.14.1-dev"
            },
            {
              "name": "devdoc",
              "path": "/nix/store/9a3s2qgn81aa4p1a9kmgichkzlma0flg-curl-8.14.1-devdoc"
            },
            {
              "name": "out",
              "path": "/nix/store/h3dxdqsjl9vz4c8v45ipmkw99w6v8c8a-curl-8.14.1"
            }
          ],
          "store_path": "/nix/store/5lm01wbwf0na3fkifq0bh3n8dqcshd5j-curl-8.14.1-bin"
        },
        "aarch64-linux": {
          "outputs": [
            {
              "name": "bin",
              "path": "/nix/store/9j2j5lmnffdw7k9hbkhnbj463jy5fvix-curl-8.14.1-bin",
              "default": true
            },
            {
              "name": "man",
              "path": "/nix/store/ac0hb5xim8ajx5y9dz9cn09w0mghz96d-curl-8.14.1-man",
              "default": true
            },
            {
              "name": "debug",
              "path": "/nix/store/4z2m2srh42fgnrp99z9snk0wn3v0hg6j-curl-8.14.1-debug"
            },
            {
              "name": "dev",
              "path": "/nix/store/bp499v3cxdclliy9jzjr4k9lk59j9jbi-curl-8.14.1-dev"
            },
            {
              "name": "devdoc",
              "path": "/nix/store/6zm76ga31p30950qpzp08xqaa8235ssv-curl-8.14.1-devdoc"
            },
            {
              "name": "out",
              "path": "/nix/store/ma4z43kh5z79m0frs4333vgyi948lgrx-curl-8.14.1"
            }
          ],
          "store_path": "/nix/store/9j2j5lmnffdw7k9hbkhnbj463jy5fvix-curl-8.14.1-bin"
        },
        "x86_64-darwin": {
          "outputs": [
            {
              "name": "bin",
              "path": "/nix/store/c013jrpj5cagr3jnphf71hl7q6ja6jpx-curl-8.14.1-bin",
              "default": true
            },
            {
              "name": "man",
              "path": "/nix/store/g5cv211jd7jrx6rg948h4j65sawjgg3n-curl-8.14.1-man",
              "default": true
            },
            {
              "name": "out",
              "path": "/nix/store/k010qaizvw5v1apxn7xavc3p73q8ngc7-curl-8.14.1"
            },
            {
              "name": "dev",
              "path": "/nix/store/f7yphi05i0h4r05yklvx53z4lzcw3d2x-curl-8.14.1-dev"
            },
            {
              "name": "devdoc",
              "path": "/nix/store/jzp7s4yxi3bj8v43c2hsz740y4jwd3dn-curl-8.14.1-devdoc"
            }
          ],
          "store_path": "/nix/store/c013jrpj5cagr3jnphf71hl7q6ja6jpx-curl-8.14.1-bin"
        },
        "x86_64-linux": {
          "outputs": [
            {
              "name": "bin",
              "path": "/nix/store/ql85mv4q636pmfrz2zb5xkp4r131niil-curl-8.14.1-bin",
              "default": true
            },
            {
              "name": "man",
              "path": "/nix/store/gv75z1nvxxk44amwp1d9vr9ri4z36n2k-curl-8.14.1-man",
              "default": true
            },
            {
              "name": "debug",
              "path": "/nix/store/k1rdyd0hlzx6g997i3a3lpsqkazbbjxw-curl-8.14.1-debug"
            },
            {
              "name": "dev",
              "path": "/nix/store/0xbikmlg7655qqjgavghrqzmc42s96q8-curl-8.14.1-dev"
            },
            {
              "name": "devdoc",
              "path": "/nix/store/4gb0rskb3h8q0hii0dgy0wskg02rg3fa-curl-8.14.1-devdoc"
            },
            {
              "name": "out",
              "path": "/nix/store/qra9dfwfkpz7h6ng3489lsww2sr3gjyd-curl-8.14.1"
            }
          ],
          "store_path": "/nix/store/ql85mv4q636pmfrz2zb5xkp4r131niil-curl-8.14.1-bin"
        }
      }
    },
    "git@2.50.0": {
      "last_modified": "2025-07-13T22:45:35Z",
      "resolved": "github:NixOS/nixpkgs/a421ac6595024edcfbb1ef950a3712b89161c359#git",
      "source": "devbox-search",
      "version": "2.50.0",
      "systems": {
        "aarch64-darwin": {
          "outputs": [
            {
              "name": "out",
              "path": "/nix/store/2jwgd7jj1dil1b73h8hnh0xj928416jp-git-2.50.0",
              "default": true
            },
            {
              "name": "doc",
              "path": "/nix/store/wfg8mczayhr7k13bq6fjl1h7rxg5f6p8-git-2.50.0-doc"
            }
          ],
          "store_path": "/nix/store/2jwgd7jj1dil1b73h8hnh0xj928416jp-git-2.50.0"
        },
        "aarch64-linux": {
          "outputs": [
            {
              "name": "out",
              "path": "/nix/store/7mp9n7lbilhk56s842rigrjclbr5ipdj-git-2.50.0",
              "default": true
            },
            {
              "name": "debug",
              "path": "/nix/store/dajrhy2l14ghs5awaag5n8yj62lwsyg9-git-2.50.0-debug"
            },
            {
              "name": "doc",
              "path": "/nix/store/kj8r3acr12x0hkxs0hyrpd8wknvvwhd2-git-2.50.0-doc"
            }
          ],
          "store_path": "/nix/store/7mp9n7lbilhk56s842rigrjclbr5ipdj-git-2.50.0"
        },
        "x86_64-darwin": {
          "outputs": [
            {
              "name": "out",
              "path": "/nix/store/wy5g4i1fr1vrg2drjflbsd75rq7j9rh9-git-2.50.0",
              "default": true
            },
            {
              "name": "doc",
              "path": "/nix/store/kc1k9n4im10nlm6csp16jg3052vdmifa-git-2.50.0-doc"
            }
          ],
          "store_path": "/nix/store/wy5g4i1fr1vrg2drjflbsd75rq7j9rh9-git-2.50.0"
        },
        "x86_64-linux": {
          "outputs": [
            {
              "name": "out",
              "path": "/nix/store/khdq35xh67vw7j7k9y4q9l0svxznhx1b-git-2.50.0",
              "default": true
            },
            {
              "name": "debug",
              "path": "/nix/store/h29apnv0hcp0w03whsh03izhq7ln1jyw-git-2.50.0-debug"
            },
            {
              "name": "doc",
              "path": "/nix/store/fypvhmxqj3583rkzxvmwakw10yri2i23-git-2.50.0-doc"
            }
          ],
          "store_path": "/nix/store/khdq35xh67vw7j7k9y4q9l0svxznhx1b-git-2.50.0"
        }
      }
    },
    "github:NixOS/nixpkgs/nixpkgs-unstable": {
      "last_modified": "2025-07-22T02:38:50Z",
      "resolved": "github:NixOS/nixpkgs/83e677f31c84212343f4cc553bab85c2efcad60a?lastModified=1753151930&narHash=sha256-XSQy6wRKHhRe%2F%2FiVY5lS%2FZpI%2FJn6crWI8fQzl647wCg%3D"
    },
    "go@1.24.4": {
      "last_modified": "2025-07-13T22:45:35Z",
      "resolved": "github:NixOS/nixpkgs/a421ac6595024edcfbb1ef950a3712b89161c359#go",
      "source": "devbox-search",
      "version": "1.24.4",
      "systems": {
        "aarch64-darwin": {
          "outputs": [
            {
              "name": "out",
              "path": "/nix/store/f4a0g1p943l61wfvqnpdr73v9bsyfhf2-go-1.24.4",
              "default": true
            }
          ],
          "store_path": "/nix/store/f4a0g1p943l61wfvqnpdr73v9bsyfhf2-go-1.24.4"
        },
        "aarch64-linux": {
          "outputs": [
            {
              "name": "out",
              "path": "/nix/store/mdyik6amglpjs533vk927f9w1qmyw239-go-1.24.4",
              "default": true
            }
          ],
          "store_path": "/nix/store/mdyik6amglpjs533vk927f9w1qmyw239-go-1.24.4"
        },
        "x86_64-darwin": {
          "outputs": [
            {
              "name": "out",
              "path": "/nix/store/b56ngr9p7x6z368w8m7ps95r3x8gdfv7-go-1.24.4",
              "default": true
            }
          ],
          "store_path": "/nix/store/b56ngr9p7x6z368w8m7ps95r3x8gdfv7-go-1.24.4"
        },
        "x86_64-linux": {
          "outputs": [
            {
              "name": "out",
              "path": "/nix/store/xrzqlk92h7z5mz9mlc4a9dyy91n5b68i-go-1.24.4",
              "default": true
            }
          ],
          "store_path": "/nix/store/xrzqlk92h7z5mz9mlc4a9dyy91n5b68i-go-1.24.4"
        }
      }
    },
    "golangci-lint@2.3.0": {
      "last_modified": "2025-07-24T15:00:16Z",
      "resolved": "github:NixOS/nixpkgs/b74a30dbc0a72e20df07d43109339f780b439291#golangci-lint",
      "source": "devbox-search",
      "version": "2.3.0",
      "systems": {
        "aarch64-darwin": {
          "outputs": [
            {
              "name": "out",
              "path": "/nix/store/0lb3jkw68ak357vdfikgginixqinq255-golangci-lint-2.3.0",
              "default": true
            }
          ],
          "store_path": "/nix/store/0lb3jkw68ak357vdfikgginixqinq255-golangci-lint-2.3.0"
        },
        "aarch64-linux": {
          "outputs": [
            {
              "name": "out",
              "path": "/nix/store/618pl31148lx6xh7klssg5dixlx5rir8-golangci-lint-2.3.0",
              "default": true
            }
          ],
          "store_path": "/nix/store/618pl31148lx6xh7klssg5dixlx5rir8-golangci-lint-2.3.0"
        },
        "x86_64-darwin": {
          "outputs": [
            {
              "name": "out",
              "path": "/nix/store/d02jzmzngkaqv08ndmh7kw8n4hzjcr6r-golangci-lint-2.3.0",
              "default": true
            }
          ],
          "store_path": "/nix/store/d02jzmzngkaqv08ndmh7kw8n4hzjcr6r-golangci-lint-2.3.0"
        },
        "x86_64-linux": {
          "outputs": [
            {
              "name": "out",
              "path": "/nix/store/5l905mha8wzrxk2n4n7j7ymkc4v112dm-golangci-lint-2.3.0",
              "default": true
            }
          ],
          "store_path": "/nix/store/5l905mha8wzrxk2n4n7j7ymkc4v112dm-golangci-lint-2.3.0"
        }
      }
    },
    "gomarkdoc@1.1.0": {
      "last_modified": "2025-07-13T22:45:35Z",
      "resolved": "github:NixOS/nixpkgs/a421ac6595024edcfbb1ef950a3712b89161c359#gomarkdoc",
      "source": "devbox-search",
      "version": "1.1.0",
      "systems": {
        "aarch64-darwin": {
          "outputs": [
            {
              "name": "out",
              "path": "/nix/store/sz6dcxzkj7xvv1dzcidiyffmdzgiiqyg-gomarkdoc-1.1.0",
              "default": true
            }
          ],
          "store_path": "/nix/store/sz6dcxzkj7xvv1dzcidiyffmdzgiiqyg-gomarkdoc-1.1.0"
        },
        "aarch64-linux": {
          "outputs": [
            {
              "name": "out",
              "path": "/nix/store/4205ac3h2sg950951fmb27kipk94782s-gomarkdoc-1.1.0",
              "default": true
            }
          ],
          "store_path": "/nix/store/4205ac3h2sg950951fmb27kipk94782s-gomarkdoc-1.1.0"
        },
        "x86_64-darwin": {
          "outputs": [
            {
              "name": "out",
              "path": "/nix/store/8x5qh3fv0c44fa9mjrp9iqi8pxha9kzh-gomarkdoc-1.1.0",
              "default": true
            }
          ],
          "store_path": "/nix/store/8x5qh3fv0c44fa9mjrp9iqi8pxha9kzh-gomarkdoc-1.1.0"
        },
        "x86_64-linux": {
          "outputs": [
            {
              "name": "out",
              "path": "/nix/store/vczm88haa02sf3axq8gliq20c2yjk37g-gomarkdoc-1.1.0",
              "default": true
            }
          ],
          "store_path": "/nix/store/vczm88haa02sf3axq8gliq20c2yjk37g-gomarkdoc-1.1.0"
        }
      }
    },
    "goreleaser@latest": {
      "last_modified": "2025-07-25T08:26:56Z",
      "resolved": "github:NixOS/nixpkgs/6027c30c8e9810896b92429f0092f624f7b1aace#goreleaser",
      "source": "devbox-search",
      "version": "2.11.1",
      "systems": {
        "aarch64-darwin": {
          "outputs": [
            {
              "name": "out",
              "path": "/nix/store/psarpq91107zign7lqdb865fv43r2vpy-goreleaser-2.11.1",
              "default": true
            }
          ],
          "store_path": "/nix/store/psarpq91107zign7lqdb865fv43r2vpy-goreleaser-2.11.1"
        },
        "aarch64-linux": {
          "outputs": [
            {
              "name": "out",
              "path": "/nix/store/k24jdb0jh8i1xagyvj4a9v9z9agia030-goreleaser-2.11.1",
              "default": true
            }
          ],
          "store_path": "/nix/store/k24jdb0jh8i1xagyvj4a9v9z9agia030-goreleaser-2.11.1"
        },
        "x86_64-darwin": {
          "outputs": [
            {
              "name": "out",
              "path": "/nix/store/dpfrxzkjxjfsqs6mc2l6fgn30y382qma-goreleaser-2.11.1",
              "default": true
            }
          ],
          "store_path": "/nix/store/dpfrxzkjxjfsqs6mc2l6fgn30y382qma-goreleaser-2.11.1"
        },
        "x86_64-linux": {
          "outputs": [
            {
              "name": "out",
              "path": "/nix/store/snl8jm6339m7jvyis4aq5ga8d69yh482-goreleaser-2.11.1",
              "default": true
            }
          ],
          "store_path": "/nix/store/snl8jm6339m7jvyis4aq5ga8d69yh482-goreleaser-2.11.1"
        }
      }
    },
    "vhs@0.10.0": {
      "last_modified": "2025-07-13T22:45:35Z",
      "resolved": "github:NixOS/nixpkgs/a421ac6595024edcfbb1ef950a3712b89161c359#vhs",
      "source": "devbox-search",
      "version": "0.10.0",
      "systems": {
        "aarch64-darwin": {
          "outputs": [
            {
              "name": "out",
              "path": "/nix/store/8alwppqwp4wfq4hr5g8kra6xzb6b4wms-vhs-0.10.0",
              "default": true
            }
          ],
          "store_path": "/nix/store/8alwppqwp4wfq4hr5g8kra6xzb6b4wms-vhs-0.10.0"
        },
        "aarch64-linux": {
          "outputs": [
            {
              "name": "out",
              "path": "/nix/store/1gjdpdy0c53yb9qldfi11jqn3wfq5a89-vhs-0.10.0",
              "default": true
            }
          ],
          "store_path": "/nix/store/1gjdpdy0c53yb9qldfi11jqn3wfq5a89-vhs-0.10.0"
        },
        "x86_64-darwin": {
          "outputs": [
            {
              "name": "out",
              "path": "/nix/store/432lm4vvxhf7lk82nmz8qczymyhbvdm1-vhs-0.10.0",
              "default": true
            }
          ],
          "store_path": "/nix/store/432lm4vvxhf7lk82nmz8qczymyhbvdm1-vhs-0.10.0"
        },
        "x86_64-linux": {
          "outputs": [
            {
              "name": "out",
              "path": "/nix/store/0km8cmxyvj5y9y6jw92092brap490g8f-vhs-0.10.0",
              "default": true
            }
          ],
          "store_path": "/nix/store/0km8cmxyvj5y9y6jw92092brap490g8f-vhs-0.10.0"
        }
      }
    }
  }
}
